
Microsoft Visual Studio Solution File, Format Version 12.00
# Visual Studio Version 17
VisualStudioVersion = 17.9.34728.123
MinimumVisualStudioVersion = 10.0.40219.1
Project("{FAE04EC0-301F-11D3-BF4B-00C04F79EFBC}") = "Menu", "Menu.csproj", "{0F575A15-C770-4857-B7D1-5E6A7735FB6F}"
EndProject
Global
	GlobalSection(SolutionConfigurationPlatforms) = preSolution
		Debug|Any CPU = Debug|Any CPU
		Release|Any CPU = Release|Any CPU
	EndGlobalSection
	GlobalSection(ProjectConfigurationPlatforms) = postSolution
		{0F575A15-C770-4857-B7D1-5E6A7735FB6F}.Debug|Any CPU.ActiveCfg = Debug|Any CPU
		{0F575A15-C770-4857-B7D1-5E6A7735FB6F}.Debug|Any CPU.Build.0 = Debug|Any CPU
		{0F575A15-C770-4857-B7D1-5E6A7735FB6F}.Release|Any CPU.ActiveCfg = Release|Any CPU
		{0F575A15-C770-4857-B7D1-5E6A7735FB6F}.Release|Any CPU.Build.0 = Release|Any CPU
	EndGlobalSection
	GlobalSection(SolutionProperties) = preSolution
		HideSolutionNode = FALSE
	EndGlobalSection
	GlobalSection(ExtensibilityGlobals) = postSolution
		SolutionGuid = {6A0F7A05-1F37-4E72-9B19-FF45744E07B3}
	EndGlobalSection
EndGlobal
